// !$*UTF8*$!
{
	archiveVersion = 1;
	classes = {
	};
	objectVersion = 46;
	objects = {

/* Begin PBXBuildFile section */
		97706DE519E4230700D58B92 /* main.m in Sources */ = {isa = PBXBuildFile; fileRef = 97706DE419E4230700D58B92 /* main.m */; };
		97706DE819E4230700D58B92 /* AppDelegate.m in Sources */ = {isa = PBXBuildFile; fileRef = 97706DE719E4230700D58B92 /* AppDelegate.m */; };
		97706DEB19E4230700D58B92 /* MapsDemo.xcdatamodeld in Sources */ = {isa = PBXBuildFile; fileRef = 97706DE919E4230700D58B92 /* MapsDemo.xcdatamodeld */; };
		97706DEE19E4230700D58B92 /* ViewController.m in Sources */ = {isa = PBXBuildFile; fileRef = 97706DED19E4230700D58B92 /* ViewController.m */; };
		97706DF119E4230700D58B92 /* Main.storyboard in Resources */ = {isa = PBXBuildFile; fileRef = 97706DEF19E4230700D58B92 /* Main.storyboard */; };
		97706DF319E4230700D58B92 /* Images.xcassets in Resources */ = {isa = PBXBuildFile; fileRef = 97706DF219E4230700D58B92 /* Images.xcassets */; };
		97706DF619E4230700D58B92 /* LaunchScreen.xib in Resources */ = {isa = PBXBuildFile; fileRef = 97706DF419E4230700D58B92 /* LaunchScreen.xib */; };
		97706E0219E4230700D58B92 /* MapsDemoTests.m in Sources */ = {isa = PBXBuildFile; fileRef = 97706E0119E4230700D58B92 /* MapsDemoTests.m */; };
/* End PBXBuildFile section */

/* Begin PBXContainerItemProxy section */
		97706DFC19E4230700D58B92 /* PBXContainerItemProxy */ = {
			isa = PBXContainerItemProxy;
			containerPortal = 97706DD719E4230700D58B92 /* Project object */;
			proxyType = 1;
			remoteGlobalIDString = 97706DDE19E4230700D58B92;
			remoteInfo = MapsDemo;
		};
/* End PBXContainerItemProxy section */

/* Begin PBXFileReference section */
		97706DDF19E4230700D58B92 /* MapsDemo.app */ = {isa = PBXFileReference; explicitFileType = wrapper.application; includeInIndex = 0; path = MapsDemo.app; sourceTree = BUILT_PRODUCTS_DIR; };
		97706DE319E4230700D58B92 /* Info.plist */ = {isa = PBXFileReference; lastKnownFileType = text.plist.xml; path = Info.plist; sourceTree = "<group>"; };
		97706DE419E4230700D58B92 /* main.m */ = {isa = PBXFileReference; lastKnownFileType = sourcecode.c.objc; path = main.m; sourceTree = "<group>"; };
		97706DE619E4230700D58B92 /* AppDelegate.h */ = {isa = PBXFileReference; lastKnownFileType = sourcecode.c.h; path = AppDelegate.h; sourceTree = "<group>"; };
		97706DE719E4230700D58B92 /* AppDelegate.m */ = {isa = PBXFileReference; lastKnownFileType = sourcecode.c.objc; path = AppDelegate.m; sourceTree = "<group>"; };
		97706DEA19E4230700D58B92 /* MapsDemo.xcdatamodel */ = {isa = PBXFileReference; lastKnownFileType = wrapper.xcdatamodel; path = MapsDemo.xcdatamodel; sourceTree = "<group>"; };
		97706DEC19E4230700D58B92 /* ViewController.h */ = {isa = PBXFileReference; lastKnownFileType = sourcecode.c.h; path = ViewController.h; sourceTree = "<group>"; };
		97706DED19E4230700D58B92 /* ViewController.m */ = {isa = PBXFileReference; lastKnownFileType = sourcecode.c.objc; path = ViewController.m; sourceTree = "<group>"; };
		97706DF019E4230700D58B92 /* Base */ = {isa = PBXFileReference; lastKnownFileType = file.storyboard; name = Base; path = Base.lproj/Main.storyboard; sourceTree = "<group>"; };
		97706DF219E4230700D58B92 /* Images.xcassets */ = {isa = PBXFileReference; lastKnownFileType = folder.assetcatalog; path = Images.xcassets; sourceTree = "<group>"; };
		97706DF519E4230700D58B92 /* Base */ = {isa = PBXFileReference; lastKnownFileType = file.xib; name = Base; path = Base.lproj/LaunchScreen.xib; sourceTree = "<group>"; };
		97706DFB19E4230700D58B92 /* MapsDemoTests.xctest */ = {isa = PBXFileReference; explicitFileType = wrapper.cfbundle; includeInIndex = 0; path = MapsDemoTests.xctest; sourceTree = BUILT_PRODUCTS_DIR; };
		97706E0019E4230700D58B92 /* Info.plist */ = {isa = PBXFileReference; lastKnownFileType = text.plist.xml; path = Info.plist; sourceTree = "<group>"; };
		97706E0119E4230700D58B92 /* MapsDemoTests.m */ = {isa = PBXFileReference; lastKnownFileType = sourcecode.c.objc; path = MapsDemoTests.m; sourceTree = "<group>"; };
/* End PBXFileReference section */

/* Begin PBXFrameworksBuildPhase section */
		97706DDC19E4230700D58B92 /* Frameworks */ = {
			isa = PBXFrameworksBuildPhase;
			buildActionMask = 2147483647;
			files = (
			);
			runOnlyForDeploymentPostprocessing = 0;
		};
		97706DF819E4230700D58B92 /* Frameworks */ = {
			isa = PBXFrameworksBuildPhase;
			buildActionMask = 2147483647;
			files = (
			);
			runOnlyForDeploymentPostprocessing = 0;
		};
/* End PBXFrameworksBuildPhase section */

/* Begin PBXGroup section */
		97706DD619E4230700D58B92 = {
			isa = PBXGroup;
			children = (
				97706DE119E4230700D58B92 /* MapsDemo */,
				97706DFE19E4230700D58B92 /* MapsDemoTests */,
				97706DE019E4230700D58B92 /* Products */,
			);
			sourceTree = "<group>";
		};
		97706DE019E4230700D58B92 /* Products */ = {
			isa = PBXGroup;
			children = (
				97706DDF19E4230700D58B92 /* MapsDemo.app */,
				97706DFB19E4230700D58B92 /* MapsDemoTests.xctest */,
			);
			name = Products;
			sourceTree = "<group>";
		};
		97706DE119E4230700D58B92 /* MapsDemo */ = {
			isa = PBXGroup;
			children = (
				97706DE619E4230700D58B92 /* AppDelegate.h */,
				97706DE719E4230700D58B92 /* AppDelegate.m */,
				97706DEC19E4230700D58B92 /* ViewController.h */,
				97706DED19E4230700D58B92 /* ViewController.m */,
				97706DEF19E4230700D58B92 /* Main.storyboard */,
				97706DF219E4230700D58B92 /* Images.xcassets */,
				97706DF419E4230700D58B92 /* LaunchScreen.xib */,
				97706DE919E4230700D58B92 /* MapsDemo.xcdatamodeld */,
				97706DE219E4230700D58B92 /* Supporting Files */,
			);
			path = MapsDemo;
			sourceTree = "<group>";
		};
		97706DE219E4230700D58B92 /* Supporting Files */ = {
			isa = PBXGroup;
			children = (
				97706DE319E4230700D58B92 /* Info.plist */,
				97706DE419E4230700D58B92 /* main.m */,
			);
			name = "Supporting Files";
			sourceTree = "<group>";
		};
		97706DFE19E4230700D58B92 /* MapsDemoTests */ = {
			isa = PBXGroup;
			children = (
				97706E0119E4230700D58B92 /* MapsDemoTests.m */,
				97706DFF19E4230700D58B92 /* Supporting Files */,
			);
			path = MapsDemoTests;
			sourceTree = "<group>";
		};
		97706DFF19E4230700D58B92 /* Supporting Files */ = {
			isa = PBXGroup;
			children = (
				97706E0019E4230700D58B92 /* Info.plist */,
			);
			name = "Supporting Files";
			sourceTree = "<group>";
		};
/* End PBXGroup section */

/* Begin PBXNativeTarget section */
		97706DDE19E4230700D58B92 /* MapsDemo */ = {
			isa = PBXNativeTarget;
			buildConfigurationList = 97706E0519E4230700D58B92 /* Build configuration list for PBXNativeTarget "MapsDemo" */;
			buildPhases = (
				97706DDB19E4230700D58B92 /* Sources */,
				97706DDC19E4230700D58B92 /* Frameworks */,
				97706DDD19E4230700D58B92 /* Resources */,
			);
			buildRules = (
			);
			dependencies = (
			);
			name = MapsDemo;
			productName = MapsDemo;
			productReference = 97706DDF19E4230700D58B92 /* MapsDemo.app */;
			productType = "com.apple.product-type.application";
		};
		97706DFA19E4230700D58B92 /* MapsDemoTests */ = {
			isa = PBXNativeTarget;
			buildConfigurationList = 97706E0819E4230700D58B92 /* Build configuration list for PBXNativeTarget "MapsDemoTests" */;
			buildPhases = (
				97706DF719E4230700D58B92 /* Sources */,
				97706DF819E4230700D58B92 /* Frameworks */,
				97706DF919E4230700D58B92 /* Resources */,
			);
			buildRules = (
			);
			dependencies = (
				97706DFD19E4230700D58B92 /* PBXTargetDependency */,
			);
			name = MapsDemoTests;
			productName = MapsDemoTests;
			productReference = 97706DFB19E4230700D58B92 /* MapsDemoTests.xctest */;
			productType = "com.apple.product-type.bundle.unit-test";
		};
/* End PBXNativeTarget section */

/* Begin PBXProject section */
		97706DD719E4230700D58B92 /* Project object */ = {
			isa = PBXProject;
			attributes = {
				LastUpgradeCheck = 0600;
				ORGANIZATIONNAME = "Kamuli Software";
				TargetAttributes = {
					97706DDE19E4230700D58B92 = {
						CreatedOnToolsVersion = 6.0.1;
					};
					97706DFA19E4230700D58B92 = {
						CreatedOnToolsVersion = 6.0.1;
						TestTargetID = 97706DDE19E4230700D58B92;
					};
				};
			};
			buildConfigurationList = 97706DDA19E4230700D58B92 /* Build configuration list for PBXProject "MapsDemo" */;
			compatibilityVersion = "Xcode 3.2";
			developmentRegion = English;
			hasScannedForEncodings = 0;
			knownRegions = (
				en,
				Base,
			);
			mainGroup = 97706DD619E4230700D58B92;
			productRefGroup = 97706DE019E4230700D58B92 /* Products */;
			projectDirPath = "";
			projectRoot = "";
			targets = (
				97706DDE19E4230700D58B92 /* MapsDemo */,
				97706DFA19E4230700D58B92 /* MapsDemoTests */,
			);
		};
/* End PBXProject section */

/* Begin PBXResourcesBuildPhase section */
		97706DDD19E4230700D58B92 /* Resources */ = {
			isa = PBXResourcesBuildPhase;
			buildActionMask = 2147483647;
			files = (
				97706DF119E4230700D58B92 /* Main.storyboard in Resources */,
				97706DF619E4230700D58B92 /* LaunchScreen.xib in Resources */,
				97706DF319E4230700D58B92 /* Images.xcassets in Resources */,
			);
			runOnlyForDeploymentPostprocessing = 0;
		};
		97706DF919E4230700D58B92 /* Resources */ = {
			isa = PBXResourcesBuildPhase;
			buildActionMask = 2147483647;
			files = (
			);
			runOnlyForDeploymentPostprocessing = 0;
		};
/* End PBXResourcesBuildPhase section */

/* Begin PBXSourcesBuildPhase section */
		97706DDB19E4230700D58B92 /* Sources */ = {
			isa = PBXSourcesBuildPhase;
			buildActionMask = 2147483647;
			files = (
				97706DE819E4230700D58B92 /* AppDelegate.m in Sources */,
				97706DEB19E4230700D58B92 /* MapsDemo.xcdatamodeld in Sources */,
				97706DEE19E4230700D58B92 /* ViewController.m in Sources */,
				97706DE519E4230700D58B92 /* main.m in Sources */,
			);
			runOnlyForDeploymentPostprocessing = 0;
		};
		97706DF719E4230700D58B92 /* Sources */ = {
			isa = PBXSourcesBuildPhase;
			buildActionMask = 2147483647;
			files = (
				97706E0219E4230700D58B92 /* MapsDemoTests.m in Sources */,
			);
			runOnlyForDeploymentPostprocessing = 0;
		};
/* End PBXSourcesBuildPhase section */

/* Begin PBXTargetDependency section */
		97706DFD19E4230700D58B92 /* PBXTargetDependency */ = {
			isa = PBXTargetDependency;
			target = 97706DDE19E4230700D58B92 /* MapsDemo */;
			targetProxy = 97706DFC19E4230700D58B92 /* PBXContainerItemProxy */;
		};
/* End PBXTargetDependency section */

/* Begin PBXVariantGroup section */
		97706DEF19E4230700D58B92 /* Main.storyboard */ = {
			isa = PBXVariantGroup;
			children = (
				97706DF019E4230700D58B92 /* Base */,
			);
			name = Main.storyboard;
			sourceTree = "<group>";
		};
		97706DF419E4230700D58B92 /* LaunchScreen.xib */ = {
			isa = PBXVariantGroup;
			children = (
				97706DF519E4230700D58B92 /* Base */,
			);
			name = LaunchScreen.xib;
			sourceTree = "<group>";
		};
/* End PBXVariantGroup section */

/* Begin XCBuildConfiguration section */
		97706E0319E4230700D58B92 /* Debug */ = {
			isa = XCBuildConfiguration;
			buildSettings = {
				ALWAYS_SEARCH_USER_PATHS = NO;
				CLANG_CXX_LANGUAGE_STANDARD = "gnu++0x";
				CLANG_CXX_LIBRARY = "libc++";
				CLANG_ENABLE_MODULES = YES;
				CLANG_ENABLE_OBJC_ARC = YES;
				CLANG_WARN_BOOL_CONVERSION = YES;
				CLANG_WARN_CONSTANT_CONVERSION = YES;
				CLANG_WARN_DIRECT_OBJC_ISA_USAGE = YES_ERROR;
				CLANG_WARN_EMPTY_BODY = YES;
				CLANG_WARN_ENUM_CONVERSION = YES;
				CLANG_WARN_INT_CONVERSION = YES;
				CLANG_WARN_OBJC_ROOT_CLASS = YES_ERROR;
				CLANG_WARN_UNREACHABLE_CODE = YES;
				CLANG_WARN__DUPLICATE_METHOD_MATCH = YES;
				"CODE_SIGN_IDENTITY[sdk=iphoneos*]" = "iPhone Developer";
				COPY_PHASE_STRIP = NO;
				ENABLE_STRICT_OBJC_MSGSEND = YES;
				GCC_C_LANGUAGE_STANDARD = gnu99;
				GCC_DYNAMIC_NO_PIC = NO;
				GCC_OPTIMIZATION_LEVEL = 0;
				GCC_PREPROCESSOR_DEFINITIONS = (
					"DEBUG=1",
					"$(inherited)",
				);
				GCC_SYMBOLS_PRIVATE_EXTERN = NO;
				GCC_WARN_64_TO_32_BIT_CONVERSION = YES;
				GCC_WARN_ABOUT_RETURN_TYPE = YES_ERROR;
				GCC_WARN_UNDECLARED_SELECTOR = YES;
				GCC_WARN_UNINITIALIZED_AUTOS = YES_AGGRESSIVE;
				GCC_WARN_UNUSED_FUNCTION = YES;
				GCC_WARN_UNUSED_VARIABLE = YES;
				IPHONEOS_DEPLOYMENT_TARGET = 8.0;
				MTL_ENABLE_DEBUG_INFO = YES;
				ONLY_ACTIVE_ARCH = YES;
				SDKROOT = iphoneos;
			};
			name = Debug;
		};
		97706E0419E4230700D58B92 /* Release */ = {
			isa = XCBuildConfiguration;
			buildSettings = {
				ALWAYS_SEARCH_USER_PATHS = NO;
				CLANG_CXX_LANGUAGE_STANDARD = "gnu++0x";
				CLANG_CXX_LIBRARY = "libc++";
				CLANG_ENABLE_MODULES = YES;
				CLANG_ENABLE_OBJC_ARC = YES;
				CLANG_WARN_BOOL_CONVERSION = YES;
				CLANG_WARN_CONSTANT_CONVERSION = YES;
				CLANG_WARN_DIRECT_OBJC_ISA_USAGE = YES_ERROR;
				CLANG_WARN_EMPTY_BODY = YES;
				CLANG_WARN_ENUM_CONVERSION = YES;
				CLANG_WARN_INT_CONVERSION = YES;
				CLANG_WARN_OBJC_ROOT_CLASS = YES_ERROR;
				CLANG_WARN_UNREACHABLE_CODE = YES;
				CLANG_WARN__DUPLICATE_METHOD_MATCH = YES;
				"CODE_SIGN_IDENTITY[sdk=iphoneos*]" = "iPhone Developer";
				COPY_PHASE_STRIP = YES;
				ENABLE_NS_ASSERTIONS = NO;
				ENABLE_STRICT_OBJC_MSGSEND = YES;
				GCC_C_LANGUAGE_STANDARD = gnu99;
				GCC_WARN_64_TO_32_BIT_CONVERSION = YES;
				GCC_WARN_ABOUT_RETURN_TYPE = YES_ERROR;
				GCC_WARN_UNDECLARED_SELECTOR = YES;
				GCC_WARN_UNINITIALIZED_AUTOS = YES_AGGRESSIVE;
				GCC_WARN_UNUSED_FUNCTION = YES;
				GCC_WARN_UNUSED_VARIABLE = YES;
				IPHONEOS_DEPLOYMENT_TARGET = 8.0;
				MTL_ENABLE_DEBUG_INFO = NO;
				SDKROOT = iphoneos;
				VALIDATE_PRODUCT = YES;
			};
			name = Release;
		};
		97706E0619E4230700D58B92 /* Debug */ = {
			isa = XCBuildConfiguration;
			buildSettings = {
				ASSETCATALOG_COMPILER_APPICON_NAME = AppIcon;
				INFOPLIST_FILE = MapsDemo/Info.plist;
				LD_RUNPATH_SEARCH_PATHS = "$(inherited) @executable_path/Frameworks";
				PRODUCT_NAME = "$(TARGET_NAME)";
			};
			name = Debug;
		};
		97706E0719E4230700D58B92 /* Release */ = {
			isa = XCBuildConfiguration;
			buildSettings = {
				ASSETCATALOG_COMPILER_APPICON_NAME = AppIcon;
				INFOPLIST_FILE = MapsDemo/Info.plist;
				LD_RUNPATH_SEARCH_PATHS = "$(inherited) @executable_path/Frameworks";
				PRODUCT_NAME = "$(TARGET_NAME)";
			};
			name = Release;
		};
		97706E0919E4230700D58B92 /* Debug */ = {
			isa = XCBuildConfiguration;
			buildSettings = {
				BUNDLE_LOADER = "$(TEST_HOST)";
				FRAMEWORK_SEARCH_PATHS = (
					"$(SDKROOT)/Developer/Library/Frameworks",
					"$(inherited)",
				);
				GCC_PREPROCESSOR_DEFINITIONS = (
					"DEBUG=1",
					"$(inherited)",
				);
				INFOPLIST_FILE = MapsDemoTests/Info.plist;
				LD_RUNPATH_SEARCH_PATHS = "$(inherited) @executable_path/Frameworks @loader_path/Frameworks";
				PRODUCT_NAME = "$(TARGET_NAME)";
				TEST_HOST = "$(BUILT_PRODUCTS_DIR)/MapsDemo.app/MapsDemo";
			};
			name = Debug;
		};
		97706E0A19E4230700D58B92 /* Release */ = {
			isa = XCBuildConfiguration;
			buildSettings = {
				BUNDLE_LOADER = "$(TEST_HOST)";
				FRAMEWORK_SEARCH_PATHS = (
					"$(SDKROOT)/Developer/Library/Frameworks",
					"$(inherited)",
				);
				INFOPLIST_FILE = MapsDemoTests/Info.plist;
				LD_RUNPATH_SEARCH_PATHS = "$(inherited) @executable_path/Frameworks @loader_path/Frameworks";
				PRODUCT_NAME = "$(TARGET_NAME)";
				TEST_HOST = "$(BUILT_PRODUCTS_DIR)/MapsDemo.app/MapsDemo";
			};
			name = Release;
		};
/* End XCBuildConfiguration section */

/* Begin XCConfigurationList section */
		97706DDA19E4230700D58B92 /* Build configuration list for PBXProject "MapsDemo" */ = {
			isa = XCConfigurationList;
			buildConfigurations = (
				97706E0319E4230700D58B92 /* Debug */,
				97706E0419E4230700D58B92 /* Release */,
			);
			defaultConfigurationIsVisible = 0;
			defaultConfigurationName = Release;
		};
		97706E0519E4230700D58B92 /* Build configuration list for PBXNativeTarget "MapsDemo" */ = {
			isa = XCConfigurationList;
			buildConfigurations = (
				97706E0619E4230700D58B92 /* Debug */,
				97706E0719E4230700D58B92 /* Release */,
			);
			defaultConfigurationIsVisible = 0;
		};
		97706E0819E4230700D58B92 /* Build configuration list for PBXNativeTarget "MapsDemoTests" */ = {
			isa = XCConfigurationList;
			buildConfigurations = (
				97706E0919E4230700D58B92 /* Debug */,
				97706E0A19E4230700D58B92 /* Release */,
			);
			defaultConfigurationIsVisible = 0;
		};
/* End XCConfigurationList section */

/* Begin XCVersionGroup section */
		97706DE919E4230700D58B92 /* MapsDemo.xcdatamodeld */ = {
			isa = XCVersionGroup;
			children = (
				97706DEA19E4230700D58B92 /* MapsDemo.xcdatamodel */,
			);
			currentVersion = 97706DEA19E4230700D58B92 /* MapsDemo.xcdatamodel */;
			path = MapsDemo.xcdatamodeld;
			sourceTree = "<group>";
			versionGroupType = wrapper.xcdatamodel;
		};
/* End XCVersionGroup section */
	};
	rootObject = 97706DD719E4230700D58B92 /* Project object */;
}
